
Microsoft Visual Studio Solution File, Format Version 12.00
# Visual Studio 2013
VisualStudioVersion = 12.0.31101.0
MinimumVisualStudioVersion = 10.0.40219.1
Project("{FAE04EC0-301F-11D3-BF4B-00C04F79EFBC}") = "_01_Person", "_01_Defining-Classes\_01_Person.csproj", "{FAA8E70A-14AB-45EB-A336-80C3A3EA74F7}"
EndProject
Project("{FAE04EC0-301F-11D3-BF4B-00C04F79EFBC}") = "_02_Laptop", "_02_Laptop\_02_Laptop.csproj", "{C4DED18B-D5C4-4E20-8ABF-E2752EEB06C1}"
EndProject
Project("{FAE04EC0-301F-11D3-BF4B-00C04F79EFBC}") = "_03_PC-Catalogue", "_03_PC-Catalogue\_03_PC-Catalogue.csproj", "{A443234D-D421-48EB-A76A-A08AA83BF526}"
EndProject
Global
	GlobalSection(SolutionConfigurationPlatforms) = preSolution
		Debug|Any CPU = Debug|Any CPU
		Release|Any CPU = Release|Any CPU
	EndGlobalSection
	GlobalSection(ProjectConfigurationPlatforms) = postSolution
		{FAA8E70A-14AB-45EB-A336-80C3A3EA74F7}.Debug|Any CPU.ActiveCfg = Debug|Any CPU
		{FAA8E70A-14AB-45EB-A336-80C3A3EA74F7}.Debug|Any CPU.Build.0 = Debug|Any CPU
		{FAA8E70A-14AB-45EB-A336-80C3A3EA74F7}.Release|Any CPU.ActiveCfg = Release|Any CPU
		{FAA8E70A-14AB-45EB-A336-80C3A3EA74F7}.Release|Any CPU.Build.0 = Release|Any CPU
		{C4DED18B-D5C4-4E20-8ABF-E2752EEB06C1}.Debug|Any CPU.ActiveCfg = Debug|Any CPU
		{C4DED18B-D5C4-4E20-8ABF-E2752EEB06C1}.Debug|Any CPU.Build.0 = Debug|Any CPU
		{C4DED18B-D5C4-4E20-8ABF-E2752EEB06C1}.Release|Any CPU.ActiveCfg = Release|Any CPU
		{C4DED18B-D5C4-4E20-8ABF-E2752EEB06C1}.Release|Any CPU.Build.0 = Release|Any CPU
		{A443234D-D421-48EB-A76A-A08AA83BF526}.Debug|Any CPU.ActiveCfg = Debug|Any CPU
		{A443234D-D421-48EB-A76A-A08AA83BF526}.Debug|Any CPU.Build.0 = Debug|Any CPU
		{A443234D-D421-48EB-A76A-A08AA83BF526}.Release|Any CPU.ActiveCfg = Release|Any CPU
		{A443234D-D421-48EB-A76A-A08AA83BF526}.Release|Any CPU.Build.0 = Release|Any CPU
	EndGlobalSection
	GlobalSection(SolutionProperties) = preSolution
		HideSolutionNode = FALSE
	EndGlobalSection
EndGlobal
